# This file is automatically @generated by Cargo.
# It is not intended for manual editing.
[[package]]
name = "man"
version = "0.3.0"
source = "registry+https://github.com/rust-lang/crates.io-index"
dependencies = [
 "roff 0.1.0 (registry+https://github.com/rust-lang/crates.io-index)",
]

[[package]]
name = "roff"
version = "0.1.0"
source = "registry+https://github.com/rust-lang/crates.io-index"

[[package]]
name = "xtask"
version = "0.1.0"
dependencies = [
 "man 0.3.0 (registry+https://github.com/rust-lang/crates.io-index)",
]

[metadata]
"checksum man 0.3.0 (registry+https://github.com/rust-lang/crates.io-index)" = "ebf5fa795187a80147b1ac10aaedcf5ffd3bbeb1838bda61801a1c9ad700a1c9"
"checksum roff 0.1.0 (registry+https://github.com/rust-lang/crates.io-index)" = "e33e4fb37ba46888052c763e4ec2acfedd8f00f62897b630cadb6298b833675e"
